
Microsoft Visual Studio Solution File, Format Version 12.00
# Visual Studio 15
VisualStudioVersion = 15.0.27703.2047
MinimumVisualStudioVersion = 10.0.40219.1
Project("{FAE04EC0-301F-11D3-BF4B-00C04F79EFBC}") = "Junior.Web", "Junior.Web\Junior.Web.csproj", "{70B8A59A-3C8B-4A65-8319-EDDCDFF4CAE5}"
EndProject
Project("{FAE04EC0-301F-11D3-BF4B-00C04F79EFBC}") = "Junior.SharedModels", "Junior.SharedModels\Junior.SharedModels.csproj", "{C02D5D3D-6B7B-43DF-9B1A-CDB05A0C4097}"
EndProject
Project("{FAE04EC0-301F-11D3-BF4B-00C04F79EFBC}") = "Junior.DataAccessLayer", "Junior.DataAccessLayer\Junior.DataAccessLayer.csproj", "{B31B55BD-4575-4A8F-97A5-594D8D3B3821}"
EndProject
Project("{FAE04EC0-301F-11D3-BF4B-00C04F79EFBC}") = "Junior.WebAPI", "Junior.WebAPI\Junior.WebAPI.csproj", "{F25C0ED5-7353-4374-B0E1-29B20BB1E8F2}"
EndProject
Global
	GlobalSection(SolutionConfigurationPlatforms) = preSolution
		Debug|Any CPU = Debug|Any CPU
		Release|Any CPU = Release|Any CPU
	EndGlobalSection
	GlobalSection(ProjectConfigurationPlatforms) = postSolution
		{70B8A59A-3C8B-4A65-8319-EDDCDFF4CAE5}.Debug|Any CPU.ActiveCfg = Debug|Any CPU
		{70B8A59A-3C8B-4A65-8319-EDDCDFF4CAE5}.Debug|Any CPU.Build.0 = Debug|Any CPU
		{70B8A59A-3C8B-4A65-8319-EDDCDFF4CAE5}.Release|Any CPU.ActiveCfg = Release|Any CPU
		{70B8A59A-3C8B-4A65-8319-EDDCDFF4CAE5}.Release|Any CPU.Build.0 = Release|Any CPU
		{C02D5D3D-6B7B-43DF-9B1A-CDB05A0C4097}.Debug|Any CPU.ActiveCfg = Debug|Any CPU
		{C02D5D3D-6B7B-43DF-9B1A-CDB05A0C4097}.Debug|Any CPU.Build.0 = Debug|Any CPU
		{C02D5D3D-6B7B-43DF-9B1A-CDB05A0C4097}.Release|Any CPU.ActiveCfg = Release|Any CPU
		{C02D5D3D-6B7B-43DF-9B1A-CDB05A0C4097}.Release|Any CPU.Build.0 = Release|Any CPU
		{B31B55BD-4575-4A8F-97A5-594D8D3B3821}.Debug|Any CPU.ActiveCfg = Debug|Any CPU
		{B31B55BD-4575-4A8F-97A5-594D8D3B3821}.Debug|Any CPU.Build.0 = Debug|Any CPU
		{B31B55BD-4575-4A8F-97A5-594D8D3B3821}.Release|Any CPU.ActiveCfg = Release|Any CPU
		{B31B55BD-4575-4A8F-97A5-594D8D3B3821}.Release|Any CPU.Build.0 = Release|Any CPU
		{F25C0ED5-7353-4374-B0E1-29B20BB1E8F2}.Debug|Any CPU.ActiveCfg = Debug|Any CPU
		{F25C0ED5-7353-4374-B0E1-29B20BB1E8F2}.Debug|Any CPU.Build.0 = Debug|Any CPU
		{F25C0ED5-7353-4374-B0E1-29B20BB1E8F2}.Release|Any CPU.ActiveCfg = Release|Any CPU
		{F25C0ED5-7353-4374-B0E1-29B20BB1E8F2}.Release|Any CPU.Build.0 = Release|Any CPU
	EndGlobalSection
	GlobalSection(SolutionProperties) = preSolution
		HideSolutionNode = FALSE
	EndGlobalSection
	GlobalSection(ExtensibilityGlobals) = postSolution
		SolutionGuid = {F944E433-1747-4E84-9BC5-8FACFE4C117A}
	EndGlobalSection
EndGlobal
